
Microsoft Visual Studio Solution File, Format Version 12.00
# Visual Studio 15
VisualStudioVersion = 15.0.28307.168
MinimumVisualStudioVersion = 10.0.40219.1
Project("{FAE04EC0-301F-11D3-BF4B-00C04F79EFBC}") = "1.3", "1.3\1.3.csproj", "{9B41128F-CEA2-4767-ADCE-E12CE12CB9EC}"
EndProject
Global
	GlobalSection(SolutionConfigurationPlatforms) = preSolution
		Debug|Any CPU = Debug|Any CPU
		Release|Any CPU = Release|Any CPU
	EndGlobalSection
	GlobalSection(ProjectConfigurationPlatforms) = postSolution
		{9B41128F-CEA2-4767-ADCE-E12CE12CB9EC}.Debug|Any CPU.ActiveCfg = Debug|Any CPU
		{9B41128F-CEA2-4767-ADCE-E12CE12CB9EC}.Debug|Any CPU.Build.0 = Debug|Any CPU
		{9B41128F-CEA2-4767-ADCE-E12CE12CB9EC}.Release|Any CPU.ActiveCfg = Release|Any CPU
		{9B41128F-CEA2-4767-ADCE-E12CE12CB9EC}.Release|Any CPU.Build.0 = Release|Any CPU
	EndGlobalSection
	GlobalSection(SolutionProperties) = preSolution
		HideSolutionNode = FALSE
	EndGlobalSection
	GlobalSection(ExtensibilityGlobals) = postSolution
		SolutionGuid = {B106EDE5-8079-4209-9AC8-61224CFD0C5E}
	EndGlobalSection
EndGlobal
