
Microsoft Visual Studio Solution File, Format Version 12.00
# Visual Studio 15
VisualStudioVersion = 15.0.28010.2050
MinimumVisualStudioVersion = 10.0.40219.1
Project("{8BC9CEB8-8B4A-11D0-8D11-00A0C91BC942}") = "4.1.2", "4.1.2\4.1.2.vcxproj", "{AB6B364F-779B-4465-BB7D-BC4ECC6C29C3}"
EndProject
Global
	GlobalSection(SolutionConfigurationPlatforms) = preSolution
		Debug|x64 = Debug|x64
		Debug|x86 = Debug|x86
		Release|x64 = Release|x64
		Release|x86 = Release|x86
	EndGlobalSection
	GlobalSection(ProjectConfigurationPlatforms) = postSolution
		{AB6B364F-779B-4465-BB7D-BC4ECC6C29C3}.Debug|x64.ActiveCfg = Debug|x64
		{AB6B364F-779B-4465-BB7D-BC4ECC6C29C3}.Debug|x64.Build.0 = Debug|x64
		{AB6B364F-779B-4465-BB7D-BC4ECC6C29C3}.Debug|x86.ActiveCfg = Debug|Win32
		{AB6B364F-779B-4465-BB7D-BC4ECC6C29C3}.Debug|x86.Build.0 = Debug|Win32
		{AB6B364F-779B-4465-BB7D-BC4ECC6C29C3}.Release|x64.ActiveCfg = Release|x64
		{AB6B364F-779B-4465-BB7D-BC4ECC6C29C3}.Release|x64.Build.0 = Release|x64
		{AB6B364F-779B-4465-BB7D-BC4ECC6C29C3}.Release|x86.ActiveCfg = Release|Win32
		{AB6B364F-779B-4465-BB7D-BC4ECC6C29C3}.Release|x86.Build.0 = Release|Win32
	EndGlobalSection
	GlobalSection(SolutionProperties) = preSolution
		HideSolutionNode = FALSE
	EndGlobalSection
	GlobalSection(ExtensibilityGlobals) = postSolution
		SolutionGuid = {523F7643-673E-43D3-A49C-AAB113910723}
	EndGlobalSection
EndGlobal
