
Microsoft Visual Studio Solution File, Format Version 12.00
# Visual Studio 15
VisualStudioVersion = 15.0.28307.421
MinimumVisualStudioVersion = 10.0.40219.1
Project("{FAE04EC0-301F-11D3-BF4B-00C04F79EFBC}") = "2.1", "2.1\2.1.csproj", "{F25E4C46-616C-4EE3-B98B-02F9C36AB0F4}"
EndProject
Global
	GlobalSection(SolutionConfigurationPlatforms) = preSolution
		Debug|Any CPU = Debug|Any CPU
		Release|Any CPU = Release|Any CPU
	EndGlobalSection
	GlobalSection(ProjectConfigurationPlatforms) = postSolution
		{F25E4C46-616C-4EE3-B98B-02F9C36AB0F4}.Debug|Any CPU.ActiveCfg = Debug|Any CPU
		{F25E4C46-616C-4EE3-B98B-02F9C36AB0F4}.Debug|Any CPU.Build.0 = Debug|Any CPU
		{F25E4C46-616C-4EE3-B98B-02F9C36AB0F4}.Release|Any CPU.ActiveCfg = Release|Any CPU
		{F25E4C46-616C-4EE3-B98B-02F9C36AB0F4}.Release|Any CPU.Build.0 = Release|Any CPU
	EndGlobalSection
	GlobalSection(SolutionProperties) = preSolution
		HideSolutionNode = FALSE
	EndGlobalSection
	GlobalSection(ExtensibilityGlobals) = postSolution
		SolutionGuid = {06F00BC1-8956-4DBF-BAD5-920353A365A9}
	EndGlobalSection
EndGlobal
