
Microsoft Visual Studio Solution File, Format Version 12.00
# Visual Studio Version 16
VisualStudioVersion = 16.0.29519.87
MinimumVisualStudioVersion = 10.0.40219.1
Project("{9A19103F-16F7-4668-BE54-9A1E7A4F7556}") = "8.1", "8.1\8.1.csproj", "{1043AA82-7837-4221-94FC-F30FD920F6FE}"
EndProject
Project("{9A19103F-16F7-4668-BE54-9A1E7A4F7556}") = "Attributes", "8.1\Attributes\Attributes.csproj", "{1182FFC6-0056-4FAA-B4ED-518BE0329430}"
EndProject
Project("{9A19103F-16F7-4668-BE54-9A1E7A4F7556}") = "ExceptionTests", "Tests\ExceptionTests\ExceptionTests.csproj", "{6ABA4D66-33C4-49B0-9C3D-AA677A3AB537}"
EndProject
Project("{9A19103F-16F7-4668-BE54-9A1E7A4F7556}") = "IgnoreTests", "Tests\IgnoreTests\IgnoreTests.csproj", "{1BBA2505-2667-450C-B180-16E1CB78CC6B}"
EndProject
Project("{9A19103F-16F7-4668-BE54-9A1E7A4F7556}") = "SimpleSucceededTests", "SimpleTests\SimpleSucceededTests.csproj", "{00B7701D-C375-477E-970D-604C9AB27814}"
EndProject
Project("{9A19103F-16F7-4668-BE54-9A1E7A4F7556}") = "SimpleFailedTests", "SimpleFailedTests\SimpleFailedTests.csproj", "{F8FDDEB5-FA55-489F-A62A-3C40BE6ECC67}"
EndProject
Project("{9A19103F-16F7-4668-BE54-9A1E7A4F7556}") = "ParametersTests", "ComplexTests\ParametersTests.csproj", "{F2663630-A928-4487-B6F2-9F5A93CE748D}"
EndProject
Global
	GlobalSection(SolutionConfigurationPlatforms) = preSolution
		Debug|Any CPU = Debug|Any CPU
		Release|Any CPU = Release|Any CPU
	EndGlobalSection
	GlobalSection(ProjectConfigurationPlatforms) = postSolution
		{1043AA82-7837-4221-94FC-F30FD920F6FE}.Debug|Any CPU.ActiveCfg = Debug|Any CPU
		{1043AA82-7837-4221-94FC-F30FD920F6FE}.Debug|Any CPU.Build.0 = Debug|Any CPU
		{1043AA82-7837-4221-94FC-F30FD920F6FE}.Release|Any CPU.ActiveCfg = Release|Any CPU
		{1043AA82-7837-4221-94FC-F30FD920F6FE}.Release|Any CPU.Build.0 = Release|Any CPU
		{1182FFC6-0056-4FAA-B4ED-518BE0329430}.Debug|Any CPU.ActiveCfg = Debug|Any CPU
		{1182FFC6-0056-4FAA-B4ED-518BE0329430}.Debug|Any CPU.Build.0 = Debug|Any CPU
		{1182FFC6-0056-4FAA-B4ED-518BE0329430}.Release|Any CPU.ActiveCfg = Release|Any CPU
		{1182FFC6-0056-4FAA-B4ED-518BE0329430}.Release|Any CPU.Build.0 = Release|Any CPU
		{6ABA4D66-33C4-49B0-9C3D-AA677A3AB537}.Debug|Any CPU.ActiveCfg = Debug|Any CPU
		{6ABA4D66-33C4-49B0-9C3D-AA677A3AB537}.Debug|Any CPU.Build.0 = Debug|Any CPU
		{6ABA4D66-33C4-49B0-9C3D-AA677A3AB537}.Release|Any CPU.ActiveCfg = Release|Any CPU
		{6ABA4D66-33C4-49B0-9C3D-AA677A3AB537}.Release|Any CPU.Build.0 = Release|Any CPU
		{1BBA2505-2667-450C-B180-16E1CB78CC6B}.Debug|Any CPU.ActiveCfg = Debug|Any CPU
		{1BBA2505-2667-450C-B180-16E1CB78CC6B}.Debug|Any CPU.Build.0 = Debug|Any CPU
		{1BBA2505-2667-450C-B180-16E1CB78CC6B}.Release|Any CPU.ActiveCfg = Release|Any CPU
		{1BBA2505-2667-450C-B180-16E1CB78CC6B}.Release|Any CPU.Build.0 = Release|Any CPU
		{00B7701D-C375-477E-970D-604C9AB27814}.Debug|Any CPU.ActiveCfg = Debug|Any CPU
		{00B7701D-C375-477E-970D-604C9AB27814}.Debug|Any CPU.Build.0 = Debug|Any CPU
		{00B7701D-C375-477E-970D-604C9AB27814}.Release|Any CPU.ActiveCfg = Release|Any CPU
		{00B7701D-C375-477E-970D-604C9AB27814}.Release|Any CPU.Build.0 = Release|Any CPU
		{F8FDDEB5-FA55-489F-A62A-3C40BE6ECC67}.Debug|Any CPU.ActiveCfg = Debug|Any CPU
		{F8FDDEB5-FA55-489F-A62A-3C40BE6ECC67}.Debug|Any CPU.Build.0 = Debug|Any CPU
		{F8FDDEB5-FA55-489F-A62A-3C40BE6ECC67}.Release|Any CPU.ActiveCfg = Release|Any CPU
		{F8FDDEB5-FA55-489F-A62A-3C40BE6ECC67}.Release|Any CPU.Build.0 = Release|Any CPU
		{F2663630-A928-4487-B6F2-9F5A93CE748D}.Debug|Any CPU.ActiveCfg = Debug|Any CPU
		{F2663630-A928-4487-B6F2-9F5A93CE748D}.Debug|Any CPU.Build.0 = Debug|Any CPU
		{F2663630-A928-4487-B6F2-9F5A93CE748D}.Release|Any CPU.ActiveCfg = Release|Any CPU
		{F2663630-A928-4487-B6F2-9F5A93CE748D}.Release|Any CPU.Build.0 = Release|Any CPU
	EndGlobalSection
	GlobalSection(SolutionProperties) = preSolution
		HideSolutionNode = FALSE
	EndGlobalSection
	GlobalSection(ExtensibilityGlobals) = postSolution
		SolutionGuid = {FBEC2349-5FC4-467C-B6AA-7E1101B9D90F}
	EndGlobalSection
EndGlobal
