
Microsoft Visual Studio Solution File, Format Version 12.00
# Visual Studio Version 16
VisualStudioVersion = 16.0.29409.12
MinimumVisualStudioVersion = 10.0.40219.1
Project("{FAE04EC0-301F-11D3-BF4B-00C04F79EFBC}") = "5.1", "5.1\5.1.csproj", "{5DFEF1F4-9073-44A4-8AA8-6EBFFB90C762}"
EndProject
Global
	GlobalSection(SolutionConfigurationPlatforms) = preSolution
		Debug|Any CPU = Debug|Any CPU
		Release|Any CPU = Release|Any CPU
	EndGlobalSection
	GlobalSection(ProjectConfigurationPlatforms) = postSolution
		{5DFEF1F4-9073-44A4-8AA8-6EBFFB90C762}.Debug|Any CPU.ActiveCfg = Debug|Any CPU
		{5DFEF1F4-9073-44A4-8AA8-6EBFFB90C762}.Debug|Any CPU.Build.0 = Debug|Any CPU
		{5DFEF1F4-9073-44A4-8AA8-6EBFFB90C762}.Release|Any CPU.ActiveCfg = Release|Any CPU
		{5DFEF1F4-9073-44A4-8AA8-6EBFFB90C762}.Release|Any CPU.Build.0 = Release|Any CPU
	EndGlobalSection
	GlobalSection(SolutionProperties) = preSolution
		HideSolutionNode = FALSE
	EndGlobalSection
	GlobalSection(ExtensibilityGlobals) = postSolution
		SolutionGuid = {0E11F25E-F111-403E-9F48-1A684F171707}
	EndGlobalSection
EndGlobal
