
Microsoft Visual Studio Solution File, Format Version 12.00
# Visual Studio Version 16
VisualStudioVersion = 16.0.29519.87
MinimumVisualStudioVersion = 10.0.40219.1
Project("{F2A71F9B-5D33-465A-A702-920D77279786}") = "1.3", "1.3\1.3.fsproj", "{50E53282-7CC0-475B-A526-0211A774591F}"
EndProject
Project("{F2A71F9B-5D33-465A-A702-920D77279786}") = "1.3.Tests", "1.3.Tests\1.3.Tests.fsproj", "{FC50691B-0DA9-496C-AD63-1611BA72916D}"
EndProject
Global
	GlobalSection(SolutionConfigurationPlatforms) = preSolution
		Debug|Any CPU = Debug|Any CPU
		Release|Any CPU = Release|Any CPU
	EndGlobalSection
	GlobalSection(ProjectConfigurationPlatforms) = postSolution
		{50E53282-7CC0-475B-A526-0211A774591F}.Debug|Any CPU.ActiveCfg = Debug|Any CPU
		{50E53282-7CC0-475B-A526-0211A774591F}.Debug|Any CPU.Build.0 = Debug|Any CPU
		{50E53282-7CC0-475B-A526-0211A774591F}.Release|Any CPU.ActiveCfg = Release|Any CPU
		{50E53282-7CC0-475B-A526-0211A774591F}.Release|Any CPU.Build.0 = Release|Any CPU
		{FC50691B-0DA9-496C-AD63-1611BA72916D}.Debug|Any CPU.ActiveCfg = Debug|Any CPU
		{FC50691B-0DA9-496C-AD63-1611BA72916D}.Debug|Any CPU.Build.0 = Debug|Any CPU
		{FC50691B-0DA9-496C-AD63-1611BA72916D}.Release|Any CPU.ActiveCfg = Release|Any CPU
		{FC50691B-0DA9-496C-AD63-1611BA72916D}.Release|Any CPU.Build.0 = Release|Any CPU
	EndGlobalSection
	GlobalSection(SolutionProperties) = preSolution
		HideSolutionNode = FALSE
	EndGlobalSection
	GlobalSection(ExtensibilityGlobals) = postSolution
		SolutionGuid = {6784A88D-FFEA-4470-AF9A-A91B03C04675}
	EndGlobalSection
EndGlobal
