
Microsoft Visual Studio Solution File, Format Version 12.00
# Visual Studio Version 16
VisualStudioVersion = 16.0.29519.87
MinimumVisualStudioVersion = 10.0.40219.1
Project("{F2A71F9B-5D33-465A-A702-920D77279786}") = "1.1", "1.1\1.1.fsproj", "{B9E86F06-4215-4D41-AF03-308F027262DF}"
EndProject
Project("{F2A71F9B-5D33-465A-A702-920D77279786}") = "1.1.Tests", "1.1.Tests\1.1.Tests.fsproj", "{EFE2357B-6FCE-4498-AB34-AEEEFDC99DCC}"
EndProject
Global
	GlobalSection(SolutionConfigurationPlatforms) = preSolution
		Debug|Any CPU = Debug|Any CPU
		Release|Any CPU = Release|Any CPU
	EndGlobalSection
	GlobalSection(ProjectConfigurationPlatforms) = postSolution
		{B9E86F06-4215-4D41-AF03-308F027262DF}.Debug|Any CPU.ActiveCfg = Debug|Any CPU
		{B9E86F06-4215-4D41-AF03-308F027262DF}.Debug|Any CPU.Build.0 = Debug|Any CPU
		{B9E86F06-4215-4D41-AF03-308F027262DF}.Release|Any CPU.ActiveCfg = Release|Any CPU
		{B9E86F06-4215-4D41-AF03-308F027262DF}.Release|Any CPU.Build.0 = Release|Any CPU
		{EFE2357B-6FCE-4498-AB34-AEEEFDC99DCC}.Debug|Any CPU.ActiveCfg = Debug|Any CPU
		{EFE2357B-6FCE-4498-AB34-AEEEFDC99DCC}.Debug|Any CPU.Build.0 = Debug|Any CPU
		{EFE2357B-6FCE-4498-AB34-AEEEFDC99DCC}.Release|Any CPU.ActiveCfg = Release|Any CPU
		{EFE2357B-6FCE-4498-AB34-AEEEFDC99DCC}.Release|Any CPU.Build.0 = Release|Any CPU
	EndGlobalSection
	GlobalSection(SolutionProperties) = preSolution
		HideSolutionNode = FALSE
	EndGlobalSection
	GlobalSection(ExtensibilityGlobals) = postSolution
		SolutionGuid = {1B60E29B-69F0-45FD-8CAA-BDE4BADC926E}
	EndGlobalSection
EndGlobal
