
Microsoft Visual Studio Solution File, Format Version 12.00
# Visual Studio Version 16
VisualStudioVersion = 16.0.28803.352
MinimumVisualStudioVersion = 10.0.40219.1
Project("{9A19103F-16F7-4668-BE54-9A1E7A4F7556}") = "8.1", "8.1\8.1.csproj", "{84F8F3FB-2925-42C0-BC26-38185BDBFF62}"
EndProject
Project("{FAE04EC0-301F-11D3-BF4B-00C04F79EFBC}") = "8.1.Tests", "8.1.Tests\8.1.Tests.csproj", "{94B314BA-A018-4094-998B-871E43D30E7D}"
EndProject
Global
	GlobalSection(SolutionConfigurationPlatforms) = preSolution
		Debug|Any CPU = Debug|Any CPU
		Release|Any CPU = Release|Any CPU
	EndGlobalSection
	GlobalSection(ProjectConfigurationPlatforms) = postSolution
		{84F8F3FB-2925-42C0-BC26-38185BDBFF62}.Debug|Any CPU.ActiveCfg = Debug|Any CPU
		{84F8F3FB-2925-42C0-BC26-38185BDBFF62}.Debug|Any CPU.Build.0 = Debug|Any CPU
		{84F8F3FB-2925-42C0-BC26-38185BDBFF62}.Release|Any CPU.ActiveCfg = Release|Any CPU
		{84F8F3FB-2925-42C0-BC26-38185BDBFF62}.Release|Any CPU.Build.0 = Release|Any CPU
		{94B314BA-A018-4094-998B-871E43D30E7D}.Debug|Any CPU.ActiveCfg = Debug|Any CPU
		{94B314BA-A018-4094-998B-871E43D30E7D}.Debug|Any CPU.Build.0 = Debug|Any CPU
		{94B314BA-A018-4094-998B-871E43D30E7D}.Release|Any CPU.ActiveCfg = Release|Any CPU
		{94B314BA-A018-4094-998B-871E43D30E7D}.Release|Any CPU.Build.0 = Release|Any CPU
	EndGlobalSection
	GlobalSection(SolutionProperties) = preSolution
		HideSolutionNode = FALSE
	EndGlobalSection
	GlobalSection(ExtensibilityGlobals) = postSolution
		SolutionGuid = {C5B63B61-CBD7-4AA1-AA05-752B78B63D21}
	EndGlobalSection
EndGlobal
