
Microsoft Visual Studio Solution File, Format Version 12.00
# Visual Studio Version 16
VisualStudioVersion = 16.0.29519.87
MinimumVisualStudioVersion = 10.0.40219.1
Project("{F2A71F9B-5D33-465A-A702-920D77279786}") = "1.1", "1.1\1.1.fsproj", "{135538E4-DBE3-49F8-B315-2921387A9931}"
EndProject
Project("{F2A71F9B-5D33-465A-A702-920D77279786}") = "1.1.Tests", "1.1.Tests\1.1.Tests.fsproj", "{4E75CA89-A34A-439B-BF2E-D457EDAF70F0}"
EndProject
Global
	GlobalSection(SolutionConfigurationPlatforms) = preSolution
		Debug|Any CPU = Debug|Any CPU
		Release|Any CPU = Release|Any CPU
	EndGlobalSection
	GlobalSection(ProjectConfigurationPlatforms) = postSolution
		{135538E4-DBE3-49F8-B315-2921387A9931}.Debug|Any CPU.ActiveCfg = Debug|Any CPU
		{135538E4-DBE3-49F8-B315-2921387A9931}.Debug|Any CPU.Build.0 = Debug|Any CPU
		{135538E4-DBE3-49F8-B315-2921387A9931}.Release|Any CPU.ActiveCfg = Release|Any CPU
		{135538E4-DBE3-49F8-B315-2921387A9931}.Release|Any CPU.Build.0 = Release|Any CPU
		{4E75CA89-A34A-439B-BF2E-D457EDAF70F0}.Debug|Any CPU.ActiveCfg = Debug|Any CPU
		{4E75CA89-A34A-439B-BF2E-D457EDAF70F0}.Debug|Any CPU.Build.0 = Debug|Any CPU
		{4E75CA89-A34A-439B-BF2E-D457EDAF70F0}.Release|Any CPU.ActiveCfg = Release|Any CPU
		{4E75CA89-A34A-439B-BF2E-D457EDAF70F0}.Release|Any CPU.Build.0 = Release|Any CPU
	EndGlobalSection
	GlobalSection(SolutionProperties) = preSolution
		HideSolutionNode = FALSE
	EndGlobalSection
	GlobalSection(ExtensibilityGlobals) = postSolution
		SolutionGuid = {67A390C9-5DA0-435D-8953-8DD73CD3449F}
	EndGlobalSection
EndGlobal
