
Microsoft Visual Studio Solution File, Format Version 12.00
# Visual Studio Version 16
VisualStudioVersion = 16.0.29519.87
MinimumVisualStudioVersion = 10.0.40219.1
Project("{F2A71F9B-5D33-465A-A702-920D77279786}") = "1.5", "1.5\1.5.fsproj", "{7E4786E2-CF2D-4AE4-8858-667F4F5E8D0C}"
EndProject
Project("{F2A71F9B-5D33-465A-A702-920D77279786}") = "1.5.Tests", "1.5.Tests\1.5.Tests.fsproj", "{4D126F3D-EB21-493F-A297-22273278AFB3}"
EndProject
Global
	GlobalSection(SolutionConfigurationPlatforms) = preSolution
		Debug|Any CPU = Debug|Any CPU
		Release|Any CPU = Release|Any CPU
	EndGlobalSection
	GlobalSection(ProjectConfigurationPlatforms) = postSolution
		{7E4786E2-CF2D-4AE4-8858-667F4F5E8D0C}.Debug|Any CPU.ActiveCfg = Debug|Any CPU
		{7E4786E2-CF2D-4AE4-8858-667F4F5E8D0C}.Debug|Any CPU.Build.0 = Debug|Any CPU
		{7E4786E2-CF2D-4AE4-8858-667F4F5E8D0C}.Release|Any CPU.ActiveCfg = Release|Any CPU
		{7E4786E2-CF2D-4AE4-8858-667F4F5E8D0C}.Release|Any CPU.Build.0 = Release|Any CPU
		{4D126F3D-EB21-493F-A297-22273278AFB3}.Debug|Any CPU.ActiveCfg = Debug|Any CPU
		{4D126F3D-EB21-493F-A297-22273278AFB3}.Debug|Any CPU.Build.0 = Debug|Any CPU
		{4D126F3D-EB21-493F-A297-22273278AFB3}.Release|Any CPU.ActiveCfg = Release|Any CPU
		{4D126F3D-EB21-493F-A297-22273278AFB3}.Release|Any CPU.Build.0 = Release|Any CPU
	EndGlobalSection
	GlobalSection(SolutionProperties) = preSolution
		HideSolutionNode = FALSE
	EndGlobalSection
	GlobalSection(ExtensibilityGlobals) = postSolution
		SolutionGuid = {8DE080CE-AC0D-4CA4-9446-7A099650A7FC}
	EndGlobalSection
EndGlobal
