
Microsoft Visual Studio Solution File, Format Version 12.00
# Visual Studio 15
VisualStudioVersion = 15.0.28307.168
MinimumVisualStudioVersion = 10.0.40219.1
Project("{FAE04EC0-301F-11D3-BF4B-00C04F79EFBC}") = "1.2", "1.2\1.2.csproj", "{B9253FA4-D066-4416-93EF-B7FD9C97783B}"
EndProject
Global
	GlobalSection(SolutionConfigurationPlatforms) = preSolution
		Debug|Any CPU = Debug|Any CPU
		Release|Any CPU = Release|Any CPU
	EndGlobalSection
	GlobalSection(ProjectConfigurationPlatforms) = postSolution
		{B9253FA4-D066-4416-93EF-B7FD9C97783B}.Debug|Any CPU.ActiveCfg = Debug|Any CPU
		{B9253FA4-D066-4416-93EF-B7FD9C97783B}.Debug|Any CPU.Build.0 = Debug|Any CPU
		{B9253FA4-D066-4416-93EF-B7FD9C97783B}.Release|Any CPU.ActiveCfg = Release|Any CPU
		{B9253FA4-D066-4416-93EF-B7FD9C97783B}.Release|Any CPU.Build.0 = Release|Any CPU
	EndGlobalSection
	GlobalSection(SolutionProperties) = preSolution
		HideSolutionNode = FALSE
	EndGlobalSection
	GlobalSection(ExtensibilityGlobals) = postSolution
		SolutionGuid = {25C9D7AC-D569-4682-BA96-3C40C0E16406}
	EndGlobalSection
EndGlobal
