
Microsoft Visual Studio Solution File, Format Version 12.00
# Visual Studio Version 16
VisualStudioVersion = 16.0.29519.87
MinimumVisualStudioVersion = 10.0.40219.1
Project("{F2A71F9B-5D33-465A-A702-920D77279786}") = "1.3", "1.3\1.3.fsproj", "{0FA02F4F-16D6-47C5-B867-E8F6F7546FEF}"
EndProject
Project("{F2A71F9B-5D33-465A-A702-920D77279786}") = "1.3.Tests", "1.3.Tests\1.3.Tests.fsproj", "{015DDAEE-5AF9-400D-B401-2E0D6CAE4F67}"
EndProject
Global
	GlobalSection(SolutionConfigurationPlatforms) = preSolution
		Debug|Any CPU = Debug|Any CPU
		Release|Any CPU = Release|Any CPU
	EndGlobalSection
	GlobalSection(ProjectConfigurationPlatforms) = postSolution
		{0FA02F4F-16D6-47C5-B867-E8F6F7546FEF}.Debug|Any CPU.ActiveCfg = Debug|Any CPU
		{0FA02F4F-16D6-47C5-B867-E8F6F7546FEF}.Debug|Any CPU.Build.0 = Debug|Any CPU
		{0FA02F4F-16D6-47C5-B867-E8F6F7546FEF}.Release|Any CPU.ActiveCfg = Release|Any CPU
		{0FA02F4F-16D6-47C5-B867-E8F6F7546FEF}.Release|Any CPU.Build.0 = Release|Any CPU
		{015DDAEE-5AF9-400D-B401-2E0D6CAE4F67}.Debug|Any CPU.ActiveCfg = Debug|Any CPU
		{015DDAEE-5AF9-400D-B401-2E0D6CAE4F67}.Debug|Any CPU.Build.0 = Debug|Any CPU
		{015DDAEE-5AF9-400D-B401-2E0D6CAE4F67}.Release|Any CPU.ActiveCfg = Release|Any CPU
		{015DDAEE-5AF9-400D-B401-2E0D6CAE4F67}.Release|Any CPU.Build.0 = Release|Any CPU
	EndGlobalSection
	GlobalSection(SolutionProperties) = preSolution
		HideSolutionNode = FALSE
	EndGlobalSection
	GlobalSection(ExtensibilityGlobals) = postSolution
		SolutionGuid = {6A3E6A9C-20F4-4EBA-886C-1058D6CBF45D}
	EndGlobalSection
EndGlobal
